
Microsoft Visual Studio Solution File, Format Version 12.00
# Visual Studio Version 17
VisualStudioVersion = 17.10.35027.167
MinimumVisualStudioVersion = 10.0.40219.1
Project("{FAE04EC0-301F-11D3-BF4B-00C04F79EFBC}") = "EX10", "EX10.csproj", "{3F419227-0FB0-42E3-A4E1-AC8F8623F247}"
EndProject
Global
	GlobalSection(SolutionConfigurationPlatforms) = preSolution
		Debug|Any CPU = Debug|Any CPU
		Release|Any CPU = Release|Any CPU
	EndGlobalSection
	GlobalSection(ProjectConfigurationPlatforms) = postSolution
		{3F419227-0FB0-42E3-A4E1-AC8F8623F247}.Debug|Any CPU.ActiveCfg = Debug|Any CPU
		{3F419227-0FB0-42E3-A4E1-AC8F8623F247}.Debug|Any CPU.Build.0 = Debug|Any CPU
		{3F419227-0FB0-42E3-A4E1-AC8F8623F247}.Release|Any CPU.ActiveCfg = Release|Any CPU
		{3F419227-0FB0-42E3-A4E1-AC8F8623F247}.Release|Any CPU.Build.0 = Release|Any CPU
	EndGlobalSection
	GlobalSection(SolutionProperties) = preSolution
		HideSolutionNode = FALSE
	EndGlobalSection
	GlobalSection(ExtensibilityGlobals) = postSolution
		SolutionGuid = {0BE62ABA-4E00-46E7-90EF-7CA5C862FF08}
	EndGlobalSection
EndGlobal
