
Microsoft Visual Studio Solution File, Format Version 12.00
# Visual Studio Version 17
VisualStudioVersion = 17.10.35027.167
MinimumVisualStudioVersion = 10.0.40219.1
Project("{FAE04EC0-301F-11D3-BF4B-00C04F79EFBC}") = "EX15", "EX15.csproj", "{BF3B33B3-FCA2-4102-9856-11A32AF301F2}"
EndProject
Global
	GlobalSection(SolutionConfigurationPlatforms) = preSolution
		Debug|Any CPU = Debug|Any CPU
		Release|Any CPU = Release|Any CPU
	EndGlobalSection
	GlobalSection(ProjectConfigurationPlatforms) = postSolution
		{BF3B33B3-FCA2-4102-9856-11A32AF301F2}.Debug|Any CPU.ActiveCfg = Debug|Any CPU
		{BF3B33B3-FCA2-4102-9856-11A32AF301F2}.Debug|Any CPU.Build.0 = Debug|Any CPU
		{BF3B33B3-FCA2-4102-9856-11A32AF301F2}.Release|Any CPU.ActiveCfg = Release|Any CPU
		{BF3B33B3-FCA2-4102-9856-11A32AF301F2}.Release|Any CPU.Build.0 = Release|Any CPU
	EndGlobalSection
	GlobalSection(SolutionProperties) = preSolution
		HideSolutionNode = FALSE
	EndGlobalSection
	GlobalSection(ExtensibilityGlobals) = postSolution
		SolutionGuid = {4E5BD54F-B282-4271-AD6D-22EFC7B0A94F}
	EndGlobalSection
EndGlobal
