
Microsoft Visual Studio Solution File, Format Version 12.00
# Visual Studio Version 17
VisualStudioVersion = 17.10.35027.167
MinimumVisualStudioVersion = 10.0.40219.1
Project("{FAE04EC0-301F-11D3-BF4B-00C04F79EFBC}") = "EX19", "EX19.csproj", "{DEE76428-6EA8-4233-9FE2-84B199B364D3}"
EndProject
Global
	GlobalSection(SolutionConfigurationPlatforms) = preSolution
		Debug|Any CPU = Debug|Any CPU
		Release|Any CPU = Release|Any CPU
	EndGlobalSection
	GlobalSection(ProjectConfigurationPlatforms) = postSolution
		{DEE76428-6EA8-4233-9FE2-84B199B364D3}.Debug|Any CPU.ActiveCfg = Debug|Any CPU
		{DEE76428-6EA8-4233-9FE2-84B199B364D3}.Debug|Any CPU.Build.0 = Debug|Any CPU
		{DEE76428-6EA8-4233-9FE2-84B199B364D3}.Release|Any CPU.ActiveCfg = Release|Any CPU
		{DEE76428-6EA8-4233-9FE2-84B199B364D3}.Release|Any CPU.Build.0 = Release|Any CPU
	EndGlobalSection
	GlobalSection(SolutionProperties) = preSolution
		HideSolutionNode = FALSE
	EndGlobalSection
	GlobalSection(ExtensibilityGlobals) = postSolution
		SolutionGuid = {92EE1E29-2C39-43E1-B288-17B429FDFF2A}
	EndGlobalSection
EndGlobal
